
Microsoft Visual Studio Solution File, Format Version 12.00
# Visual Studio Version 16
VisualStudioVersion = 16.0.30114.105
MinimumVisualStudioVersion = 10.0.40219.1
Project("{9092AA53-FB77-4645-B42D-1CCCA6BD08BD}") = "Yolanda-Hames_200410745_COMP2068_Assignment_1", "Yolanda-Hames_200410745_COMP2068_Assignment_1\Yolanda-Hames_200410745_COMP2068_Assignment_1.njsproj", "{C4065972-E6A6-4960-9A88-EEB59C679117}"
EndProject
Global
	GlobalSection(SolutionConfigurationPlatforms) = preSolution
		Debug|Any CPU = Debug|Any CPU
		Release|Any CPU = Release|Any CPU
	EndGlobalSection
	GlobalSection(ProjectConfigurationPlatforms) = postSolution
		{C4065972-E6A6-4960-9A88-EEB59C679117}.Debug|Any CPU.ActiveCfg = Debug|Any CPU
		{C4065972-E6A6-4960-9A88-EEB59C679117}.Debug|Any CPU.Build.0 = Debug|Any CPU
		{C4065972-E6A6-4960-9A88-EEB59C679117}.Release|Any CPU.ActiveCfg = Release|Any CPU
		{C4065972-E6A6-4960-9A88-EEB59C679117}.Release|Any CPU.Build.0 = Release|Any CPU
	EndGlobalSection
	GlobalSection(SolutionProperties) = preSolution
		HideSolutionNode = FALSE
	EndGlobalSection
	GlobalSection(ExtensibilityGlobals) = postSolution
		SolutionGuid = {5EA5B668-9A69-448F-83F3-2A0D23130E47}
	EndGlobalSection
EndGlobal
